{
  "name": "prompteur",
  "version": "0.1.0",
  "lockfileVersion": 3,
  "requires": true,
  "packages": {
    "": {
      "name": "prompteur",
      "version": "0.1.0",
      "dependencies": {
        "@fontsource/jetbrains-mono": "^5.3.0",
        "vosk-browser": "0.0.8"
      }
    },
    "node_modules/@fontsource/jetbrains-mono": {
      "version": "5.3.0",
      "resolved": "https://registry.npmjs.org/@fontsource/jetbrains-mono/-/jetbrains-mono-5.3.0.tgz",
      "integrity": "sha512-fqDfB5I9f1p1TV486aUgB9t8zP84P0O1FtQR5Ol9vjwPy+S+EIGlVYm1cvj2W5shcZMTg2nZFdVMoH5wFu8a1A==",
      "license": "OFL-1.1",
      "funding": {
        "url": "https://github.com/sponsors/ayuhito"
      }
    },
    "node_modules/uuid": {
      "version": "9.0.0",
      "resolved": "https://registry.npmjs.org/uuid/-/uuid-9.0.0.tgz",
      "integrity": "sha512-MXcSTerfPa4uqyzStbRoTgt5XIe3x5+42+q1sDuy3R5MDk66URdLMOZe5aPX/SQd+kuYAh0FdP/pO28IkQyTeg==",
      "deprecated": "uuid@10 and below is no longer supported.  For ESM codebases, update to uuid@latest.  For CommonJS codebases, use uuid@11 (but be aware this version will likely be deprecated in 2028).",
      "license": "MIT",
      "bin": {
        "uuid": "dist/bin/uuid"
      }
    },
    "node_modules/vosk-browser": {
      "version": "0.0.8",
      "resolved": "https://registry.npmjs.org/vosk-browser/-/vosk-browser-0.0.8.tgz",
      "integrity": "sha512-df9MuChirUGKxP/+4k8tBV6hJOic8IRdJXv64+ET0Ue5CddOzLZINiHOWCka765gBzHJWNtQKgaYakS0FXZIJA==",
      "license": "Apache-2.0",
      "dependencies": {
        "uuid": "9.0.0"
      }
    }
  }
}
